PODS:
  - JSONModel (1.7.0)
  - MBProgressHUD (1.0.0)
  - PromiseKit (4.2.0):
    - PromiseKit/Foundation (= 4.2.0)
    - PromiseKit/QuartzCore (= 4.2.0)
    - PromiseKit/UIKit (= 4.2.0)
  - PromiseKit/CorePromise (4.2.0)
  - PromiseKit/Foundation (4.2.0):
    - PromiseKit/CorePromise
  - PromiseKit/QuartzCore (4.2.0):
    - PromiseKit/CorePromise
  - PromiseKit/UIKit (4.2.0):
    - PromiseKit/CorePromise
  - TradeItIosTicketSDK2 (1.1.4):
    - JSONModel (~> 1.7.0)
    - MBProgressHUD (~> 1.0.0)
    - PromiseKit (~> 4.0)

DEPENDENCIES:
  - TradeItIosTicketSDK2 (from `~/workspace/TradeItIosTicketSDK2`)

EXTERNAL SOURCES:
  TradeItIosTicketSDK2:
    :path: "~/workspace/TradeItIosTicketSDK2"

SPEC CHECKSUMS:
  JSONModel: 840bc0fcffb24b8454d2c026bf26fea454b8e98d
  MBProgressHUD: 4890f671c94e8a0f3cf959aa731e9de2f036d71a
  PromiseKit: 08dfb783c161ddcd95b7912421f14c5113fd8318
  TradeItIosTicketSDK2: 6c577e98b953667fc73e01af790fa28844cce6aa

PODFILE CHECKSUM: a9e272a33675e0748e4df6d4d6d1a44012dd876f

COCOAPODS: 1.2.1
