PODS:
  - Google-Mobile-Ads-SDK (7.20.0)
  - JSONModel (1.7.0)
  - MBProgressHUD (1.0.0)
  - PromiseKit (4.2.0):
    - PromiseKit/Foundation (= 4.2.0)
    - PromiseKit/QuartzCore (= 4.2.0)
    - PromiseKit/UIKit (= 4.2.0)
  - PromiseKit/CorePromise (4.2.0)
  - PromiseKit/Foundation (4.2.0):
    - PromiseKit/CorePromise
  - PromiseKit/QuartzCore (4.2.0):
    - PromiseKit/CorePromise
  - PromiseKit/UIKit (4.2.0):
    - PromiseKit/CorePromise
  - TradeItIosTicketSDK2 (1.1.3):
    - JSONModel (~> 1.7.0)
    - MBProgressHUD (~> 1.0.0)
    - PromiseKit (~> 4.0)

DEPENDENCIES:
  - Google-Mobile-Ads-SDK (~> 7.8)
  - TradeItIosTicketSDK2 (~> 1.1.3)

SPEC CHECKSUMS:
  Google-Mobile-Ads-SDK: 168312cdc167fa22746d4ea8e839fc4825dd2966
  JSONModel: 840bc0fcffb24b8454d2c026bf26fea454b8e98d
  MBProgressHUD: 4890f671c94e8a0f3cf959aa731e9de2f036d71a
  PromiseKit: 08dfb783c161ddcd95b7912421f14c5113fd8318
  TradeItIosTicketSDK2: 8180b39a296e72b7f9e396cdaa13533eca296f77

PODFILE CHECKSUM: f4fb5ffe934fb96382c48b2788e095bdb719a179

COCOAPODS: 1.2.1
